
Microsoft Visual Studio Solution File, Format Version 12.00
# Visual Studio 14
VisualStudioVersion = 14.0.25420.1
MinimumVisualStudioVersion = 10.0.40219.1
Project("{2150E333-8FDC-42A3-9474-1A3956D46DE8}") = "1 - Presentation", "1 - Presentation", "{3E5D437E-2A84-45FD-856A-8601521DC260}"
EndProject
Project("{2150E333-8FDC-42A3-9474-1A3956D46DE8}") = "2 - Services", "2 - Services", "{F9AF9CDB-E24B-4D19-AA53-3490A9B89592}"
EndProject
Project("{2150E333-8FDC-42A3-9474-1A3956D46DE8}") = "3 - Application", "3 - Application", "{B8EB11D8-E4F2-4291-A64F-FB42EC53D0DC}"
EndProject
Project("{2150E333-8FDC-42A3-9474-1A3956D46DE8}") = "4 - Domain", "4 - Domain", "{09CC9D9F-204F-4B8C-A14A-78D06813DA03}"
EndProject
Project("{2150E333-8FDC-42A3-9474-1A3956D46DE8}") = "5 - Infra", "5 - Infra", "{4C7DA7D8-7519-42B0-B515-4F96185B4875}"
EndProject
Project("{2150E333-8FDC-42A3-9474-1A3956D46DE8}") = "5.1 - Data", "5.1 - Data", "{4099F1EE-07DA-4BD8-B21E-A0B93070EB48}"
EndProject
Project("{2150E333-8FDC-42A3-9474-1A3956D46DE8}") = "5.2 - CrossCutting", "5.2 - CrossCutting", "{7839F0E4-3CE4-4675-BA8C-EA124B37B5F2}"
EndProject
Project("{FAE04EC0-301F-11D3-BF4B-00C04F79EFBC}") = "EP.CursoMvc.Domain", "src\EP.CursoMvc.Domain\EP.CursoMvc.Domain.csproj", "{EE0A2854-6B2E-48C9-B86D-2E7278B40538}"
EndProject
Project("{FAE04EC0-301F-11D3-BF4B-00C04F79EFBC}") = "EP.CursoMvc.Infra.Data", "src\EP.CursoMvc.Infra.Data\EP.CursoMvc.Infra.Data.csproj", "{C3BDF916-BFB3-4546-B4B3-302E2E2D1FB0}"
EndProject
Project("{FAE04EC0-301F-11D3-BF4B-00C04F79EFBC}") = "EP.CursoMvc.UI.Mvc", "src\EP.CursoMvc.UI.Mvc\EP.CursoMvc.UI.Mvc.csproj", "{5F15D565-5663-4B00-AE0E-1F812CC52CD4}"
EndProject
Global
	GlobalSection(SolutionConfigurationPlatforms) = preSolution
		Debug|Any CPU = Debug|Any CPU
		Marcelo|Any CPU = Marcelo|Any CPU
		Release|Any CPU = Release|Any CPU
	EndGlobalSection
	GlobalSection(ProjectConfigurationPlatforms) = postSolution
		{EE0A2854-6B2E-48C9-B86D-2E7278B40538}.Debug|Any CPU.ActiveCfg = Debug|Any CPU
		{EE0A2854-6B2E-48C9-B86D-2E7278B40538}.Debug|Any CPU.Build.0 = Debug|Any CPU
		{EE0A2854-6B2E-48C9-B86D-2E7278B40538}.Marcelo|Any CPU.ActiveCfg = Marcelo|Any CPU
		{EE0A2854-6B2E-48C9-B86D-2E7278B40538}.Marcelo|Any CPU.Build.0 = Marcelo|Any CPU
		{EE0A2854-6B2E-48C9-B86D-2E7278B40538}.Release|Any CPU.ActiveCfg = Release|Any CPU
		{EE0A2854-6B2E-48C9-B86D-2E7278B40538}.Release|Any CPU.Build.0 = Release|Any CPU
		{C3BDF916-BFB3-4546-B4B3-302E2E2D1FB0}.Debug|Any CPU.ActiveCfg = Debug|Any CPU
		{C3BDF916-BFB3-4546-B4B3-302E2E2D1FB0}.Debug|Any CPU.Build.0 = Debug|Any CPU
		{C3BDF916-BFB3-4546-B4B3-302E2E2D1FB0}.Marcelo|Any CPU.ActiveCfg = Marcelo|Any CPU
		{C3BDF916-BFB3-4546-B4B3-302E2E2D1FB0}.Marcelo|Any CPU.Build.0 = Marcelo|Any CPU
		{C3BDF916-BFB3-4546-B4B3-302E2E2D1FB0}.Release|Any CPU.ActiveCfg = Release|Any CPU
		{C3BDF916-BFB3-4546-B4B3-302E2E2D1FB0}.Release|Any CPU.Build.0 = Release|Any CPU
		{5F15D565-5663-4B00-AE0E-1F812CC52CD4}.Debug|Any CPU.ActiveCfg = Debug|Any CPU
		{5F15D565-5663-4B00-AE0E-1F812CC52CD4}.Debug|Any CPU.Build.0 = Debug|Any CPU
		{5F15D565-5663-4B00-AE0E-1F812CC52CD4}.Marcelo|Any CPU.ActiveCfg = Marcelo|Any CPU
		{5F15D565-5663-4B00-AE0E-1F812CC52CD4}.Marcelo|Any CPU.Build.0 = Marcelo|Any CPU
		{5F15D565-5663-4B00-AE0E-1F812CC52CD4}.Release|Any CPU.ActiveCfg = Release|Any CPU
		{5F15D565-5663-4B00-AE0E-1F812CC52CD4}.Release|Any CPU.Build.0 = Release|Any CPU
	EndGlobalSection
	GlobalSection(SolutionProperties) = preSolution
		HideSolutionNode = FALSE
	EndGlobalSection
	GlobalSection(NestedProjects) = preSolution
		{4099F1EE-07DA-4BD8-B21E-A0B93070EB48} = {4C7DA7D8-7519-42B0-B515-4F96185B4875}
		{7839F0E4-3CE4-4675-BA8C-EA124B37B5F2} = {4C7DA7D8-7519-42B0-B515-4F96185B4875}
		{EE0A2854-6B2E-48C9-B86D-2E7278B40538} = {09CC9D9F-204F-4B8C-A14A-78D06813DA03}
		{C3BDF916-BFB3-4546-B4B3-302E2E2D1FB0} = {4099F1EE-07DA-4BD8-B21E-A0B93070EB48}
		{5F15D565-5663-4B00-AE0E-1F812CC52CD4} = {3E5D437E-2A84-45FD-856A-8601521DC260}
	EndGlobalSection
EndGlobal
